
Microsoft Visual Studio Solution File, Format Version 12.00
# Visual Studio Version 17
VisualStudioVersion = 17.6.33829.357
MinimumVisualStudioVersion = 10.0.40219.1
Project("{FAE04EC0-301F-11D3-BF4B-00C04F79EFBC}") = "MinimalChat.API", "MinimalChat.API\MinimalChat.API.csproj", "{B845A914-B5B1-48CA-9FC3-CC65E44C4CA2}"
EndProject
Global
	GlobalSection(SolutionConfigurationPlatforms) = preSolution
		Debug|Any CPU = Debug|Any CPU
		Release|Any CPU = Release|Any CPU
	EndGlobalSection
	GlobalSection(ProjectConfigurationPlatforms) = postSolution
		{B845A914-B5B1-48CA-9FC3-CC65E44C4CA2}.Debug|Any CPU.ActiveCfg = Debug|Any CPU
		{B845A914-B5B1-48CA-9FC3-CC65E44C4CA2}.Debug|Any CPU.Build.0 = Debug|Any CPU
		{B845A914-B5B1-48CA-9FC3-CC65E44C4CA2}.Release|Any CPU.ActiveCfg = Release|Any CPU
		{B845A914-B5B1-48CA-9FC3-CC65E44C4CA2}.Release|Any CPU.Build.0 = Release|Any CPU
	EndGlobalSection
	GlobalSection(SolutionProperties) = preSolution
		HideSolutionNode = FALSE
	EndGlobalSection
	GlobalSection(ExtensibilityGlobals) = postSolution
		SolutionGuid = {EB1AC85B-FD80-4690-804E-A0D4D1BDBE73}
	EndGlobalSection
EndGlobal
